<Solution>
  <Configurations>
    <Platform Name="Any CPU" />
    <Platform Name="x64" />
  </Configurations>
  <Folder Name="/Benchmarks/">
    <Project Path="Benchmarks/AutoSkipper.Benchmarks.csproj">
      <Platform Solution="Debug|x64" Project="x64" />
    </Project>
  </Folder>
  <Project Path="AutoSkipper.csproj">
    <Platform Solution="*|x64" Project="x64" />
  </Project>
</Solution>
